
Microsoft Visual Studio Solution File, Format Version 12.00
# Visual Studio Version 16
VisualStudioVersion = 16.0.31729.503
MinimumVisualStudioVersion = 10.0.40219.1
Project("{8BC9CEB8-8B4A-11D0-8D11-00A0C91BC942}") = "Lab07_Markov", "Lab07_Markov.vcxproj", "{EB949A37-FA35-494B-AA6A-6F8FA3F4D7A8}"
EndProject
Project("{8BC9CEB8-8B4A-11D0-8D11-00A0C91BC942}") = "Markov_Test", "..\Markov_Test\Markov_Test.vcxproj", "{8ABA8EA8-5B5F-4394-AC4C-7AF1FA06BD0A}"
EndProject
Global
	GlobalSection(SolutionConfigurationPlatforms) = preSolution
		Debug|x64 = Debug|x64
		Debug|x86 = Debug|x86
		Release|x64 = Release|x64
		Release|x86 = Release|x86
	EndGlobalSection
	GlobalSection(ProjectConfigurationPlatforms) = postSolution
		{EB949A37-FA35-494B-AA6A-6F8FA3F4D7A8}.Debug|x64.ActiveCfg = Debug|x64
		{EB949A37-FA35-494B-AA6A-6F8FA3F4D7A8}.Debug|x64.Build.0 = Debug|x64
		{EB949A37-FA35-494B-AA6A-6F8FA3F4D7A8}.Debug|x86.ActiveCfg = Debug|Win32
		{EB949A37-FA35-494B-AA6A-6F8FA3F4D7A8}.Debug|x86.Build.0 = Debug|Win32
		{EB949A37-FA35-494B-AA6A-6F8FA3F4D7A8}.Release|x64.ActiveCfg = Release|x64
		{EB949A37-FA35-494B-AA6A-6F8FA3F4D7A8}.Release|x64.Build.0 = Release|x64
		{EB949A37-FA35-494B-AA6A-6F8FA3F4D7A8}.Release|x86.ActiveCfg = Release|Win32
		{EB949A37-FA35-494B-AA6A-6F8FA3F4D7A8}.Release|x86.Build.0 = Release|Win32
		{8ABA8EA8-5B5F-4394-AC4C-7AF1FA06BD0A}.Debug|x64.ActiveCfg = Debug|x64
		{8ABA8EA8-5B5F-4394-AC4C-7AF1FA06BD0A}.Debug|x64.Build.0 = Debug|x64
		{8ABA8EA8-5B5F-4394-AC4C-7AF1FA06BD0A}.Debug|x86.ActiveCfg = Debug|Win32
		{8ABA8EA8-5B5F-4394-AC4C-7AF1FA06BD0A}.Debug|x86.Build.0 = Debug|Win32
		{8ABA8EA8-5B5F-4394-AC4C-7AF1FA06BD0A}.Release|x64.ActiveCfg = Release|x64
		{8ABA8EA8-5B5F-4394-AC4C-7AF1FA06BD0A}.Release|x64.Build.0 = Release|x64
		{8ABA8EA8-5B5F-4394-AC4C-7AF1FA06BD0A}.Release|x86.ActiveCfg = Release|Win32
		{8ABA8EA8-5B5F-4394-AC4C-7AF1FA06BD0A}.Release|x86.Build.0 = Release|Win32
	EndGlobalSection
	GlobalSection(SolutionProperties) = preSolution
		HideSolutionNode = FALSE
	EndGlobalSection
	GlobalSection(ExtensibilityGlobals) = postSolution
		SolutionGuid = {DD7623B2-E3D1-4CE2-BD17-3EFDEED53CC8}
	EndGlobalSection
EndGlobal
